
Microsoft Visual Studio Solution File, Format Version 12.00
Project("{FAE04EC0-301F-11D3-BF4B-00C04F79EFBC}") = "01_singleton", "01_singleton\01_singleton.csproj", "{49705398-0F3E-4B38-ABB9-793ED4EDFBD4}"
EndProject
Project("{FAE04EC0-301F-11D3-BF4B-00C04F79EFBC}") = "02_prototype", "02_prototype\02_prototype.csproj", "{5FC70CF7-08BB-4D9B-A4E6-DDD5A9F03E9A}"
EndProject
Project("{FAE04EC0-301F-11D3-BF4B-00C04F79EFBC}") = "03_factoryMethod", "03_factoryMethod\03_factoryMethod.csproj", "{66636824-2C04-476C-8A0C-53DA91F72F49}"
EndProject
Project("{FAE04EC0-301F-11D3-BF4B-00C04F79EFBC}") = "04_abstractFactory", "04_abstractFactory\04_abstractFactory.csproj", "{4A448AD4-2089-4D44-9854-43C69948F09B}"
EndProject
Global
	GlobalSection(SolutionConfigurationPlatforms) = preSolution
		Debug|Any CPU = Debug|Any CPU
		Release|Any CPU = Release|Any CPU
	EndGlobalSection
	GlobalSection(ProjectConfigurationPlatforms) = postSolution
		{49705398-0F3E-4B38-ABB9-793ED4EDFBD4}.Debug|Any CPU.ActiveCfg = Debug|Any CPU
		{49705398-0F3E-4B38-ABB9-793ED4EDFBD4}.Debug|Any CPU.Build.0 = Debug|Any CPU
		{49705398-0F3E-4B38-ABB9-793ED4EDFBD4}.Release|Any CPU.ActiveCfg = Release|Any CPU
		{49705398-0F3E-4B38-ABB9-793ED4EDFBD4}.Release|Any CPU.Build.0 = Release|Any CPU
		{5FC70CF7-08BB-4D9B-A4E6-DDD5A9F03E9A}.Debug|Any CPU.ActiveCfg = Debug|Any CPU
		{5FC70CF7-08BB-4D9B-A4E6-DDD5A9F03E9A}.Debug|Any CPU.Build.0 = Debug|Any CPU
		{5FC70CF7-08BB-4D9B-A4E6-DDD5A9F03E9A}.Release|Any CPU.ActiveCfg = Release|Any CPU
		{5FC70CF7-08BB-4D9B-A4E6-DDD5A9F03E9A}.Release|Any CPU.Build.0 = Release|Any CPU
		{66636824-2C04-476C-8A0C-53DA91F72F49}.Debug|Any CPU.ActiveCfg = Debug|Any CPU
		{66636824-2C04-476C-8A0C-53DA91F72F49}.Debug|Any CPU.Build.0 = Debug|Any CPU
		{66636824-2C04-476C-8A0C-53DA91F72F49}.Release|Any CPU.ActiveCfg = Release|Any CPU
		{66636824-2C04-476C-8A0C-53DA91F72F49}.Release|Any CPU.Build.0 = Release|Any CPU
		{4A448AD4-2089-4D44-9854-43C69948F09B}.Debug|Any CPU.ActiveCfg = Debug|Any CPU
		{4A448AD4-2089-4D44-9854-43C69948F09B}.Debug|Any CPU.Build.0 = Debug|Any CPU
		{4A448AD4-2089-4D44-9854-43C69948F09B}.Release|Any CPU.ActiveCfg = Release|Any CPU
		{4A448AD4-2089-4D44-9854-43C69948F09B}.Release|Any CPU.Build.0 = Release|Any CPU
	EndGlobalSection
EndGlobal
